
Microsoft Visual Studio Solution File, Format Version 12.00
# Visual Studio Version 16
VisualStudioVersion = 16.0.30011.22
MinimumVisualStudioVersion = 10.0.40219.1
Project("{FAE04EC0-301F-11D3-BF4B-00C04F79EFBC}") = "UnityNuget.Shared", "UnityNuget.Shared\UnityNuget.Shared.csproj", "{7784A4BC-9684-4C18-A1F7-527A49E9D08F}"
EndProject
Project("{FAE04EC0-301F-11D3-BF4B-00C04F79EFBC}") = "UnityNuget.Unity.Dependencies", "UnityNuget.Unity.Dependencies\UnityNuget.Unity.Dependencies.csproj", "{5519FD39-E3D5-41AC-8DDE-B50FAE23FF8B}"
EndProject
Global
	GlobalSection(SolutionConfigurationPlatforms) = preSolution
		Debug|Any CPU = Debug|Any CPU
		Release|Any CPU = Release|Any CPU
	EndGlobalSection
	GlobalSection(ProjectConfigurationPlatforms) = postSolution
		{7784A4BC-9684-4C18-A1F7-527A49E9D08F}.Debug|Any CPU.ActiveCfg = Debug|Any CPU
		{7784A4BC-9684-4C18-A1F7-527A49E9D08F}.Debug|Any CPU.Build.0 = Debug|Any CPU
		{7784A4BC-9684-4C18-A1F7-527A49E9D08F}.Release|Any CPU.ActiveCfg = Release|Any CPU
		{7784A4BC-9684-4C18-A1F7-527A49E9D08F}.Release|Any CPU.Build.0 = Release|Any CPU
		{5519FD39-E3D5-41AC-8DDE-B50FAE23FF8B}.Debug|Any CPU.ActiveCfg = Debug|Any CPU
		{5519FD39-E3D5-41AC-8DDE-B50FAE23FF8B}.Debug|Any CPU.Build.0 = Debug|Any CPU
		{5519FD39-E3D5-41AC-8DDE-B50FAE23FF8B}.Release|Any CPU.ActiveCfg = Release|Any CPU
		{5519FD39-E3D5-41AC-8DDE-B50FAE23FF8B}.Release|Any CPU.Build.0 = Release|Any CPU
	EndGlobalSection
	GlobalSection(SolutionProperties) = preSolution
		HideSolutionNode = FALSE
	EndGlobalSection
	GlobalSection(ExtensibilityGlobals) = postSolution
		SolutionGuid = {F66489F9-E89D-4659-96DA-1612B6C113D5}
	EndGlobalSection
EndGlobal
